{
  "name": "maayys",
  "lockfileVersion": 3,
  "requires": true,
  "packages": {
    "": {
      "name": "maayys",
      "devDependencies": {
        "prettier-plugin-multiline-arrays": "^4.1.11"
      }
    },
    "node_modules/@augment-vir/assert": {
      "version": "32.2.3",
      "resolved": "https://registry.npmjs.org/@augment-vir/assert/-/assert-32.2.3.tgz",
      "integrity": "sha512-JCG8pcDRovaOdugxEirioZGFYC1V5G1qEl9WDl4IQ5HJJMgXgCWGsDDfltRwFCRRTiIdZuK/061dB+qMNrjE0Q==",
      "dev": true,
      "license": "(MIT OR CC0-1.0)",
      "dependencies": {
        "@augment-vir/core": "^32.2.3",
        "@date-vir/duration": "^9.0.0",
        "deep-eql": "^5.0.2",
        "expect-type": "^1.4.0"
      },
      "engines": {
        "node": ">=22"
      }
    },
    "node_modules/@augment-vir/common": {
      "version": "32.2.3",
      "resolved": "https://registry.npmjs.org/@augment-vir/common/-/common-32.2.3.tgz",
      "integrity": "sha512-gRMQYRMk9nWV2lsN3IAtsvaZxk7OrcAxFQAsyIYHQNOxwRh/O/H4Lfp4/c5e/4f2rjQe8pLFya3woYkSh/mgOQ==",
      "dev": true,
      "license": "(MIT OR CC0-1.0)",
      "dependencies": {
        "@augment-vir/assert": "^32.2.3",
        "@augment-vir/core": "^32.2.3",
        "@date-vir/duration": "^9.0.0",
        "@paralleldrive/cuid2": "^3.3.0",
        "ansi-styles": "^7.0.0",
        "deepcopy-esm": "^2.1.2",
        "json5": "^2.2.3",
        "typed-event-target": "^4.3.3"
      },
      "engines": {
        "node": ">=22"
      }
    },
    "node_modules/@augment-vir/core": {
      "version": "32.2.3",
      "resolved": "https://registry.npmjs.org/@augment-vir/core/-/core-32.2.3.tgz",
      "integrity": "sha512-Gz1tGWQkiAmqFCYDdiFZVogYbW5o7JyS9QDLtqP3VRd63CMPKJly9Alf5IRA744fWSX28Szx4O696gsG7gwtEw==",
      "dev": true,
      "license": "(MIT OR CC0-1.0)",
      "dependencies": {
        "@date-vir/duration": "^9.0.0",
        "browser-or-node": "^3.0.0",
        "diff": "^9.0.0",
        "json5": "^2.2.3"
      },
      "engines": {
        "node": ">=22"
      }
    },
    "node_modules/@date-vir/duration": {
      "version": "9.1.1",
      "resolved": "https://registry.npmjs.org/@date-vir/duration/-/duration-9.1.1.tgz",
      "integrity": "sha512-1diouCt68jbewnKJxVZOJO3dmmCiAQbl6c66wZW8uvrX0b5TMECsg7FLiUOxoQ4YKzKES8dzelyhXdSDK1aZbw==",
      "dev": true,
      "license": "(MIT OR CC0-1.0)",
      "dependencies": {
        "@augment-vir/assert": "^32.2.1",
        "@types/luxon": "^3.7.3",
        "luxon": "^3.7.2",
        "type-fest": "^5.8.0"
      },
      "engines": {
        "node": ">=22"
      }
    },
    "node_modules/@noble/hashes": {
      "version": "2.3.0",
      "resolved": "https://registry.npmjs.org/@noble/hashes/-/hashes-2.3.0.tgz",
      "integrity": "sha512-oN+QwyX7VSHotibwubG3kpzbwKrfnyR6OOO+3Nk/53ADL7FmgHHz4TgrbaYKvvOw09u6QTx0oiH1cNCIOuN0CQ==",
      "dev": true,
      "license": "MIT",
      "engines": {
        "node": ">= 20.19.0"
      },
      "funding": {
        "url": "https://paulmillr.com/funding/"
      }
    },
    "node_modules/@paralleldrive/cuid2": {
      "version": "3.3.0",
      "resolved": "https://registry.npmjs.org/@paralleldrive/cuid2/-/cuid2-3.3.0.tgz",
      "integrity": "sha512-OqiFvSOF0dBSesELYY2CAMa4YINvlLpvKOz/rv6NeZEqiyttlHgv98Juwv4Ch+GrEV7IZ8jfI2VcEoYUjXXCjw==",
      "dev": true,
      "license": "MIT",
      "dependencies": {
        "@noble/hashes": "^2.0.1",
        "bignumber.js": "^9.3.1",
        "error-causes": "^3.0.2"
      },
      "bin": {
        "cuid2": "bin/cuid2.js"
      }
    },
    "node_modules/@types/luxon": {
      "version": "3.7.4",
      "resolved": "https://registry.npmjs.org/@types/luxon/-/luxon-3.7.4.tgz",
      "integrity": "sha512-V536ZAd6ZJztrrBlLcDFaaZrXNAL2E5uGmssWf/dpSiLkmkLScXUYhUBnWPmtW+cIqnNHzf6//TCMpIc9SCRRQ==",
      "dev": true,
      "license": "MIT"
    },
    "node_modules/ansi-styles": {
      "version": "7.0.0",
      "resolved": "https://registry.npmjs.org/ansi-styles/-/ansi-styles-7.0.0.tgz",
      "integrity": "sha512-kKvt3m4uwzqL0wlkPd09CmljPJGOZZ4D0fP65sqFSvPkMRKhNi+74MgIJ5QxE6SxqB4t4KyUFGg8+n5zjo6hew==",
      "dev": true,
      "license": "MIT",
      "engines": {
        "node": ">=22"
      },
      "funding": {
        "url": "https://github.com/chalk/ansi-styles?sponsor=1"
      }
    },
    "node_modules/bignumber.js": {
      "version": "9.3.1",
      "resolved": "https://registry.npmjs.org/bignumber.js/-/bignumber.js-9.3.1.tgz",
      "integrity": "sha512-Ko0uX15oIUS7wJ3Rb30Fs6SkVbLmPBAKdlm7q9+ak9bbIeFf0MwuBsQV6z7+X768/cHsfg+WlysDWJcmthjsjQ==",
      "dev": true,
      "license": "MIT",
      "engines": {
        "node": "*"
      }
    },
    "node_modules/browser-or-node": {
      "version": "3.0.0",
      "resolved": "https://registry.npmjs.org/browser-or-node/-/browser-or-node-3.0.0.tgz",
      "integrity": "sha512-iczIdVJzGEYhP5DqQxYM9Hh7Ztpqqi+CXZpSmX8ALFs9ecXkQIeqRyM6TfxEfMVpwhl3dSuDvxdzzo9sUOIVBQ==",
      "dev": true,
      "license": "MIT"
    },
    "node_modules/deep-eql": {
      "version": "5.0.2",
      "resolved": "https://registry.npmjs.org/deep-eql/-/deep-eql-5.0.2.tgz",
      "integrity": "sha512-h5k/5U50IJJFpzfL6nO9jaaumfjO/f2NjK/oYB2Djzm4p9L+3T9qWpZqZ2hAbLPuuYq9wrU08WQyBTL5GbPk5Q==",
      "dev": true,
      "license": "MIT",
      "engines": {
        "node": ">=6"
      }
    },
    "node_modules/deepcopy-esm": {
      "version": "2.1.2",
      "resolved": "https://registry.npmjs.org/deepcopy-esm/-/deepcopy-esm-2.1.2.tgz",
      "integrity": "sha512-iOrQr2AZDcKi5jenwiidK96Ivvn2uHqU1g25qmfs3MbgOUlXPNRbMtHDwTx+U83tD6z+PeYhZzvsPiOqVh20IA==",
      "dev": true,
      "license": "(MIT OR CC0-1.0)",
      "engines": {
        "node": ">=22"
      }
    },
    "node_modules/diff": {
      "version": "9.0.0",
      "resolved": "https://registry.npmjs.org/diff/-/diff-9.0.0.tgz",
      "integrity": "sha512-svtcdpS8CgJyqAjEQIXdb3OjhFVVYjzGAPO8WGCmRbrml64SPw/jJD4GoE98aR7r25A0XcgrK3F02yw9R/vhQw==",
      "dev": true,
      "license": "BSD-3-Clause",
      "engines": {
        "node": ">=0.3.1"
      }
    },
    "node_modules/error-causes": {
      "version": "3.0.2",
      "resolved": "https://registry.npmjs.org/error-causes/-/error-causes-3.0.2.tgz",
      "integrity": "sha512-i0B8zq1dHL6mM85FGoxaJnVtx6LD5nL2v0hlpGdntg5FOSyzQ46c9lmz5qx0xRS2+PWHGOHcYxGIBC5Le2dRMw==",
      "dev": true,
      "license": "MIT"
    },
    "node_modules/expect-type": {
      "version": "1.4.0",
      "resolved": "https://registry.npmjs.org/expect-type/-/expect-type-1.4.0.tgz",
      "integrity": "sha512-KfYbmpRm0VbLjEvVa9yGwCi9GI34xvi7A/HXYWQO65CSD2u3MczUJSuwXKFIxlGsgBQizV9q5J9NHj4VG0n+pA==",
      "dev": true,
      "license": "Apache-2.0",
      "engines": {
        "node": ">=12.0.0"
      }
    },
    "node_modules/json5": {
      "version": "2.2.3",
      "resolved": "https://registry.npmjs.org/json5/-/json5-2.2.3.tgz",
      "integrity": "sha512-XmOWe7eyHYH14cLdVPoyg+GOH3rYX++KpzrylJwSW98t3Nk+U8XOl8FWKOgwtzdb8lXGf6zYwDUzeHMWfxasyg==",
      "dev": true,
      "license": "MIT",
      "bin": {
        "json5": "lib/cli.js"
      },
      "engines": {
        "node": ">=6"
      }
    },
    "node_modules/luxon": {
      "version": "3.7.2",
      "resolved": "https://registry.npmjs.org/luxon/-/luxon-3.7.2.tgz",
      "integrity": "sha512-vtEhXh/gNjI9Yg1u4jX/0YVPMvxzHuGgCm6tC5kZyb08yjGWGnqAjGJvcXbqQR2P3MyMEFnRbpcdFS6PBcLqew==",
      "dev": true,
      "license": "MIT",
      "engines": {
        "node": ">=12"
      }
    },
    "node_modules/prettier": {
      "version": "3.9.6",
      "resolved": "https://registry.npmjs.org/prettier/-/prettier-3.9.6.tgz",
      "integrity": "sha512-OpN0zzVdiaiAhxpuuj5efpIS4sY9j7bY6uR5mnj5yPzGkdkjNKSJeUThPb60Jw29QuAZgA4o+/iB49kFiaBX6g==",
      "dev": true,
      "license": "MIT",
      "peer": true,
      "bin": {
        "prettier": "bin/prettier.cjs"
      },
      "engines": {
        "node": ">=14"
      },
      "funding": {
        "url": "https://github.com/prettier/prettier?sponsor=1"
      }
    },
    "node_modules/prettier-plugin-multiline-arrays": {
      "version": "4.1.11",
      "resolved": "https://registry.npmjs.org/prettier-plugin-multiline-arrays/-/prettier-plugin-multiline-arrays-4.1.11.tgz",
      "integrity": "sha512-HZU/1PfNrS1BruYbNGIiIyEcZ9TKAl+88vAmpqWj8d8ywW1jkxttSy4e2+5oTG4/0J+MQajydA0/MUJnivHeIw==",
      "dev": true,
      "license": "(MIT OR CC0-1.0)",
      "dependencies": {
        "@augment-vir/assert": "^32.2.1",
        "@augment-vir/common": "^32.2.1",
        "proxy-vir": "^2.0.3"
      },
      "engines": {
        "node": ">=20"
      },
      "peerDependencies": {
        "prettier": ">=3.0.0 <4.0.0"
      }
    },
    "node_modules/proxy-vir": {
      "version": "2.0.4",
      "resolved": "https://registry.npmjs.org/proxy-vir/-/proxy-vir-2.0.4.tgz",
      "integrity": "sha512-ss7IuTHbS6SeuEKcFfkVtp8kInS8HfMOb1dc/1x1aIyXp97sdQRDH781j1j3PeU5ieLR3FLUrIqF1+UjQ2oIZQ==",
      "dev": true,
      "license": "(MIT OR CC0-1.0)",
      "dependencies": {
        "@augment-vir/assert": "^32.2.1",
        "@augment-vir/common": "^32.2.1"
      },
      "engines": {
        "node": ">=22"
      }
    },
    "node_modules/tagged-tag": {
      "version": "1.0.0",
      "resolved": "https://registry.npmjs.org/tagged-tag/-/tagged-tag-1.0.0.tgz",
      "integrity": "sha512-yEFYrVhod+hdNyx7g5Bnkkb0G6si8HJurOoOEgC8B/O0uXLHlaey/65KRv6cuWBNhBgHKAROVpc7QyYqE5gFng==",
      "dev": true,
      "license": "MIT",
      "engines": {
        "node": ">=20"
      },
      "funding": {
        "url": "https://github.com/sponsors/sindresorhus"
      }
    },
    "node_modules/type-fest": {
      "version": "5.8.0",
      "resolved": "https://registry.npmjs.org/type-fest/-/type-fest-5.8.0.tgz",
      "integrity": "sha512-YGYEVz3Fm5iy/AybuA0oyNFq7H4CgQNfRp/qfe8nurE1kuCeNm3/vfm9X4Mtl+qLyaKJUh5xrFZwogr41SMjYA==",
      "dev": true,
      "license": "(MIT OR CC0-1.0)",
      "dependencies": {
        "tagged-tag": "^1.0.0"
      },
      "engines": {
        "node": ">=20"
      },
      "funding": {
        "url": "https://github.com/sponsors/sindresorhus"
      }
    },
    "node_modules/typed-event-target": {
      "version": "4.3.3",
      "resolved": "https://registry.npmjs.org/typed-event-target/-/typed-event-target-4.3.3.tgz",
      "integrity": "sha512-9ljWIMsGlNzxVEK9zzjKyemrlnvbVx6rCZGoWz6qMx016nIZ85xkH+3zuL9u5uP97pCZdHvMP1c9wTHHOgIB3g==",
      "dev": true,
      "license": "(MIT OR CC0-1.0)",
      "dependencies": {
        "@augment-vir/assert": "^32.2.1",
        "@augment-vir/common": "^32.2.1"
      },
      "engines": {
        "node": ">=22"
      }
    }
  }
}
